# THIS IS AN AUTOGENERATED FILE. DO NOT EDIT THIS FILE DIRECTLY.
# yarn lockfile v1


"@esbuild/darwin-arm64@0.28.0":
  version "0.28.0"
  resolved "https://registry.npmjs.org/@esbuild/darwin-arm64/-/darwin-arm64-0.28.0.tgz"
  integrity sha512-0T+A9WZm+bZ84nZBtk1ckYsOvyA3x7e2Acj1KdVfV4/2tdG4fzUp91YHx+GArWLtwqp77pBXVCPn2We7Letr0Q==

"@floating-ui/core@^1.7.5":
  version "1.7.5"
  resolved "https://registry.npmjs.org/@floating-ui/core/-/core-1.7.5.tgz"
  integrity sha512-1Ih4WTWyw0+lKyFMcBHGbb5U5FtuHJuujoyyr5zTaWS5EYMeT6Jb2AuDeftsCsEuchO+mM2ij5+q9crhydzLhQ==
  dependencies:
    "@floating-ui/utils" "^0.2.11"

"@floating-ui/dom@^1.7.6":
  version "1.7.6"
  resolved "https://registry.npmjs.org/@floating-ui/dom/-/dom-1.7.6.tgz"
  integrity sha512-9gZSAI5XM36880PPMm//9dfiEngYoC6Am2izES1FF406YFsjvyBMmeJ2g4SAju3xWwtuynNRFL2s9hgxpLI5SQ==
  dependencies:
    "@floating-ui/core" "^1.7.5"
    "@floating-ui/utils" "^0.2.11"

"@floating-ui/utils@^0.2.11":
  version "0.2.11"
  resolved "https://registry.npmjs.org/@floating-ui/utils/-/utils-0.2.11.tgz"
  integrity sha512-RiB/yIh78pcIxl6lLMG0CgBXAZ2Y0eVHqMPYugu+9U0AeT6YBeiJpf7lbdJNIugFP5SIjwNRgo4DhR1Qxi26Gg==

"@hotwired/stimulus@^3.2.2":
  version "3.2.2"
  resolved "https://registry.npmjs.org/@hotwired/stimulus/-/stimulus-3.2.2.tgz"
  integrity sha512-eGeIqNOQpXoPAIP7tC1+1Yc1yl1xnwYqg+3mzqxyrbE5pg5YFBZcA6YoTiByJB6DKAEsiWtl6tjTJS4IYtbB7A==

"@hotwired/turbo-rails@^8.0.23":
  version "8.0.23"
  resolved "https://registry.npmjs.org/@hotwired/turbo-rails/-/turbo-rails-8.0.23.tgz"
  integrity sha512-iBILwda3qmQC7FYM70+4s6kEQ7Fx9dJ6+yGxjPyrz9a5JDx1+y7OAA5TA7GGVOZJoicMLrKGdFDNorl40X35lw==
  dependencies:
    "@hotwired/turbo" "^8.0.23"
    "@rails/actioncable" ">=7.0"

"@hotwired/turbo@^8.0.23":
  version "8.0.23"
  resolved "https://registry.npmjs.org/@hotwired/turbo/-/turbo-8.0.23.tgz"
  integrity sha512-GZ7cijxEZ6Ig71u7rD6LHaRv/wcE/hNsc+nEfiWOkLNqUgLOwo5MNGWOy5ZV9ZUDSiQx1no7YxjTNnT4O6//cQ==

"@rails/actioncable@>=7.0":
  version "8.1.300"
  resolved "https://registry.npmjs.org/@rails/actioncable/-/actioncable-8.1.300.tgz"
  integrity sha512-zOENQsq3NM2jyBY6Z2qtZa3V/R/6OEqA+LGKixQbBMl7kk/J3FXDRcszPe74LsHNgB01jCl/DXu/xA8sHt4I/g==

"@rails/request.js@^0.0.13":
  version "0.0.13"
  resolved "https://registry.npmjs.org/@rails/request.js/-/request.js-0.0.13.tgz"
  integrity sha512-7MXmjFOPuaxpjG8brqKJG0EfIe9ak6R0wRnjCBtRuADNFbdlRxETdKx1T5NVU4Ato3iZOkEpeSUEuLboL3tCGA==

esbuild@^0.28.0:
  version "0.28.0"
  resolved "https://registry.npmjs.org/esbuild/-/esbuild-0.28.0.tgz"
  integrity sha512-sNR9MHpXSUV/XB4zmsFKN+QgVG82Cc7+/aaxJ8Adi8hyOac+EXptIp45QBPaVyX3N70664wRbTcLTOemCAnyqw==
  optionalDependencies:
    "@esbuild/aix-ppc64" "0.28.0"
    "@esbuild/android-arm" "0.28.0"
    "@esbuild/android-arm64" "0.28.0"
    "@esbuild/android-x64" "0.28.0"
    "@esbuild/darwin-arm64" "0.28.0"
    "@esbuild/darwin-x64" "0.28.0"
    "@esbuild/freebsd-arm64" "0.28.0"
    "@esbuild/freebsd-x64" "0.28.0"
    "@esbuild/linux-arm" "0.28.0"
    "@esbuild/linux-arm64" "0.28.0"
    "@esbuild/linux-ia32" "0.28.0"
    "@esbuild/linux-loong64" "0.28.0"
    "@esbuild/linux-mips64el" "0.28.0"
    "@esbuild/linux-ppc64" "0.28.0"
    "@esbuild/linux-riscv64" "0.28.0"
    "@esbuild/linux-s390x" "0.28.0"
    "@esbuild/linux-x64" "0.28.0"
    "@esbuild/netbsd-arm64" "0.28.0"
    "@esbuild/netbsd-x64" "0.28.0"
    "@esbuild/openbsd-arm64" "0.28.0"
    "@esbuild/openbsd-x64" "0.28.0"
    "@esbuild/openharmony-arm64" "0.28.0"
    "@esbuild/sunos-x64" "0.28.0"
    "@esbuild/win32-arm64" "0.28.0"
    "@esbuild/win32-ia32" "0.28.0"
    "@esbuild/win32-x64" "0.28.0"

tw-animate-css@^1.4.0:
  version "1.4.0"
  resolved "https://registry.npmjs.org/tw-animate-css/-/tw-animate-css-1.4.0.tgz"
  integrity sha512-7bziOlRqH0hJx80h/3mbicLW7o8qLsH5+RaLR2t+OHM3D0JlWGODQKQ4cxbK7WlvmUxpcj6Kgu6EKqjrGFe3QQ==
